
Microsoft Visual Studio Solution File, Format Version 11.00
# Visual Studio 2010
Project("{FAE04EC0-301F-11D3-BF4B-00C04F79EFBC}") = "Fold", "Fold\Fold.csproj", "{F847B9F8-9B4E-4F93-8B73-97BB5DFB2CFD}"
EndProject
Project("{FAE04EC0-301F-11D3-BF4B-00C04F79EFBC}") = "Fold.Tests", "TestProject1\Fold.Tests.csproj", "{A3EDCF75-2B16-48F5-9080-9F39BB9C8536}"
EndProject
Project("{2150E333-8FDC-42A3-9474-1A3956D46DE8}") = "Solution Items", "Solution Items", "{656BC1AD-C07B-48FD-9195-DD6E28D31ADA}"
	ProjectSection(SolutionItems) = preProject
		Fold.vsmdi = Fold.vsmdi
		Local.testsettings = Local.testsettings
		TraceAndTestImpact.testsettings = TraceAndTestImpact.testsettings
	EndProjectSection
EndProject
Global
	GlobalSection(TestCaseManagementSettings) = postSolution
		CategoryFile = Fold.vsmdi
	EndGlobalSection
	GlobalSection(SolutionConfigurationPlatforms) = preSolution
		Debug|Any CPU = Debug|Any CPU
		Debug|Mixed Platforms = Debug|Mixed Platforms
		Debug|x86 = Debug|x86
		Release|Any CPU = Release|Any CPU
		Release|Mixed Platforms = Release|Mixed Platforms
		Release|x86 = Release|x86
	EndGlobalSection
	GlobalSection(ProjectConfigurationPlatforms) = postSolution
		{F847B9F8-9B4E-4F93-8B73-97BB5DFB2CFD}.Debug|Any CPU.ActiveCfg = Debug|x86
		{F847B9F8-9B4E-4F93-8B73-97BB5DFB2CFD}.Debug|Mixed Platforms.ActiveCfg = Debug|x86
		{F847B9F8-9B4E-4F93-8B73-97BB5DFB2CFD}.Debug|Mixed Platforms.Build.0 = Debug|x86
		{F847B9F8-9B4E-4F93-8B73-97BB5DFB2CFD}.Debug|x86.ActiveCfg = Debug|x86
		{F847B9F8-9B4E-4F93-8B73-97BB5DFB2CFD}.Debug|x86.Build.0 = Debug|x86
		{F847B9F8-9B4E-4F93-8B73-97BB5DFB2CFD}.Release|Any CPU.ActiveCfg = Release|x86
		{F847B9F8-9B4E-4F93-8B73-97BB5DFB2CFD}.Release|Mixed Platforms.ActiveCfg = Release|x86
		{F847B9F8-9B4E-4F93-8B73-97BB5DFB2CFD}.Release|Mixed Platforms.Build.0 = Release|x86
		{F847B9F8-9B4E-4F93-8B73-97BB5DFB2CFD}.Release|x86.ActiveCfg = Release|x86
		{F847B9F8-9B4E-4F93-8B73-97BB5DFB2CFD}.Release|x86.Build.0 = Release|x86
		{A3EDCF75-2B16-48F5-9080-9F39BB9C8536}.Debug|Any CPU.ActiveCfg = Debug|Any CPU
		{A3EDCF75-2B16-48F5-9080-9F39BB9C8536}.Debug|Any CPU.Build.0 = Debug|Any CPU
		{A3EDCF75-2B16-48F5-9080-9F39BB9C8536}.Debug|Mixed Platforms.ActiveCfg = Debug|Any CPU
		{A3EDCF75-2B16-48F5-9080-9F39BB9C8536}.Debug|Mixed Platforms.Build.0 = Debug|Any CPU
		{A3EDCF75-2B16-48F5-9080-9F39BB9C8536}.Debug|x86.ActiveCfg = Debug|Any CPU
		{A3EDCF75-2B16-48F5-9080-9F39BB9C8536}.Release|Any CPU.ActiveCfg = Release|Any CPU
		{A3EDCF75-2B16-48F5-9080-9F39BB9C8536}.Release|Any CPU.Build.0 = Release|Any CPU
		{A3EDCF75-2B16-48F5-9080-9F39BB9C8536}.Release|Mixed Platforms.ActiveCfg = Release|Any CPU
		{A3EDCF75-2B16-48F5-9080-9F39BB9C8536}.Release|Mixed Platforms.Build.0 = Release|Any CPU
		{A3EDCF75-2B16-48F5-9080-9F39BB9C8536}.Release|x86.ActiveCfg = Release|Any CPU
	EndGlobalSection
	GlobalSection(SolutionProperties) = preSolution
		HideSolutionNode = FALSE
	EndGlobalSection
EndGlobal
