
Microsoft Visual Studio Solution File, Format Version 11.00
# Visual Studio 2010
Project("{FAE04EC0-301F-11D3-BF4B-00C04F79EFBC}") = "HashTable", "HashTable\HashTable.csproj", "{0173FC0B-0870-4203-8642-567354F6E0A2}"
EndProject
Project("{FAE04EC0-301F-11D3-BF4B-00C04F79EFBC}") = "HashTable.Tests", "HashTable.Tests\HashTable.Tests.csproj", "{E707B245-9CA4-462C-96E7-F9BC0F207E16}"
EndProject
Project("{2150E333-8FDC-42A3-9474-1A3956D46DE8}") = "Solution Items", "Solution Items", "{E05FC1B9-0A52-4A8A-9EB7-A095C371EFA2}"
	ProjectSection(SolutionItems) = preProject
		HashTable.vsmdi = HashTable.vsmdi
		Local.testsettings = Local.testsettings
		TraceAndTestImpact.testsettings = TraceAndTestImpact.testsettings
	EndProjectSection
EndProject
Global
	GlobalSection(TestCaseManagementSettings) = postSolution
		CategoryFile = HashTable.vsmdi
	EndGlobalSection
	GlobalSection(SolutionConfigurationPlatforms) = preSolution
		Debug|Any CPU = Debug|Any CPU
		Debug|Mixed Platforms = Debug|Mixed Platforms
		Debug|x86 = Debug|x86
		Release|Any CPU = Release|Any CPU
		Release|Mixed Platforms = Release|Mixed Platforms
		Release|x86 = Release|x86
	EndGlobalSection
	GlobalSection(ProjectConfigurationPlatforms) = postSolution
		{0173FC0B-0870-4203-8642-567354F6E0A2}.Debug|Any CPU.ActiveCfg = Debug|x86
		{0173FC0B-0870-4203-8642-567354F6E0A2}.Debug|Mixed Platforms.ActiveCfg = Debug|x86
		{0173FC0B-0870-4203-8642-567354F6E0A2}.Debug|Mixed Platforms.Build.0 = Debug|x86
		{0173FC0B-0870-4203-8642-567354F6E0A2}.Debug|x86.ActiveCfg = Debug|x86
		{0173FC0B-0870-4203-8642-567354F6E0A2}.Debug|x86.Build.0 = Debug|x86
		{0173FC0B-0870-4203-8642-567354F6E0A2}.Release|Any CPU.ActiveCfg = Release|x86
		{0173FC0B-0870-4203-8642-567354F6E0A2}.Release|Mixed Platforms.ActiveCfg = Release|x86
		{0173FC0B-0870-4203-8642-567354F6E0A2}.Release|Mixed Platforms.Build.0 = Release|x86
		{0173FC0B-0870-4203-8642-567354F6E0A2}.Release|x86.ActiveCfg = Release|x86
		{0173FC0B-0870-4203-8642-567354F6E0A2}.Release|x86.Build.0 = Release|x86
		{E707B245-9CA4-462C-96E7-F9BC0F207E16}.Debug|Any CPU.ActiveCfg = Debug|Any CPU
		{E707B245-9CA4-462C-96E7-F9BC0F207E16}.Debug|Any CPU.Build.0 = Debug|Any CPU
		{E707B245-9CA4-462C-96E7-F9BC0F207E16}.Debug|Mixed Platforms.ActiveCfg = Debug|Any CPU
		{E707B245-9CA4-462C-96E7-F9BC0F207E16}.Debug|Mixed Platforms.Build.0 = Debug|Any CPU
		{E707B245-9CA4-462C-96E7-F9BC0F207E16}.Debug|x86.ActiveCfg = Debug|Any CPU
		{E707B245-9CA4-462C-96E7-F9BC0F207E16}.Release|Any CPU.ActiveCfg = Release|Any CPU
		{E707B245-9CA4-462C-96E7-F9BC0F207E16}.Release|Any CPU.Build.0 = Release|Any CPU
		{E707B245-9CA4-462C-96E7-F9BC0F207E16}.Release|Mixed Platforms.ActiveCfg = Release|Any CPU
		{E707B245-9CA4-462C-96E7-F9BC0F207E16}.Release|Mixed Platforms.Build.0 = Release|Any CPU
		{E707B245-9CA4-462C-96E7-F9BC0F207E16}.Release|x86.ActiveCfg = Release|Any CPU
	EndGlobalSection
	GlobalSection(SolutionProperties) = preSolution
		HideSolutionNode = FALSE
	EndGlobalSection
EndGlobal
