
Microsoft Visual Studio Solution File, Format Version 11.00
# Visual Studio 2010
Project("{FAE04EC0-301F-11D3-BF4B-00C04F79EFBC}") = "Stack", "Stack\Stack.csproj", "{0DE3222C-3C77-4D58-B06A-6BB57FB347ED}"
EndProject
Project("{FAE04EC0-301F-11D3-BF4B-00C04F79EFBC}") = "Stack.Tests", "Stack.Tests\Stack.Tests.csproj", "{6FBAEA79-4519-4854-A02A-FAC09C8FC476}"
EndProject
Project("{2150E333-8FDC-42A3-9474-1A3956D46DE8}") = "Solution Items", "Solution Items", "{257F2CBB-B9EB-4FED-B6BC-4CE49C95CEE1}"
	ProjectSection(SolutionItems) = preProject
		Local.testsettings = Local.testsettings
		Stack.vsmdi = Stack.vsmdi
		TraceAndTestImpact.testsettings = TraceAndTestImpact.testsettings
	EndProjectSection
EndProject
Global
	GlobalSection(TestCaseManagementSettings) = postSolution
		CategoryFile = Stack.vsmdi
	EndGlobalSection
	GlobalSection(SolutionConfigurationPlatforms) = preSolution
		Debug|Any CPU = Debug|Any CPU
		Debug|Mixed Platforms = Debug|Mixed Platforms
		Debug|x86 = Debug|x86
		Release|Any CPU = Release|Any CPU
		Release|Mixed Platforms = Release|Mixed Platforms
		Release|x86 = Release|x86
	EndGlobalSection
	GlobalSection(ProjectConfigurationPlatforms) = postSolution
		{0DE3222C-3C77-4D58-B06A-6BB57FB347ED}.Debug|Any CPU.ActiveCfg = Debug|x86
		{0DE3222C-3C77-4D58-B06A-6BB57FB347ED}.Debug|Mixed Platforms.ActiveCfg = Debug|x86
		{0DE3222C-3C77-4D58-B06A-6BB57FB347ED}.Debug|Mixed Platforms.Build.0 = Debug|x86
		{0DE3222C-3C77-4D58-B06A-6BB57FB347ED}.Debug|x86.ActiveCfg = Debug|x86
		{0DE3222C-3C77-4D58-B06A-6BB57FB347ED}.Debug|x86.Build.0 = Debug|x86
		{0DE3222C-3C77-4D58-B06A-6BB57FB347ED}.Release|Any CPU.ActiveCfg = Release|x86
		{0DE3222C-3C77-4D58-B06A-6BB57FB347ED}.Release|Mixed Platforms.ActiveCfg = Release|x86
		{0DE3222C-3C77-4D58-B06A-6BB57FB347ED}.Release|Mixed Platforms.Build.0 = Release|x86
		{0DE3222C-3C77-4D58-B06A-6BB57FB347ED}.Release|x86.ActiveCfg = Release|x86
		{0DE3222C-3C77-4D58-B06A-6BB57FB347ED}.Release|x86.Build.0 = Release|x86
		{6FBAEA79-4519-4854-A02A-FAC09C8FC476}.Debug|Any CPU.ActiveCfg = Debug|Any CPU
		{6FBAEA79-4519-4854-A02A-FAC09C8FC476}.Debug|Any CPU.Build.0 = Debug|Any CPU
		{6FBAEA79-4519-4854-A02A-FAC09C8FC476}.Debug|Mixed Platforms.ActiveCfg = Debug|Any CPU
		{6FBAEA79-4519-4854-A02A-FAC09C8FC476}.Debug|Mixed Platforms.Build.0 = Debug|Any CPU
		{6FBAEA79-4519-4854-A02A-FAC09C8FC476}.Debug|x86.ActiveCfg = Debug|Any CPU
		{6FBAEA79-4519-4854-A02A-FAC09C8FC476}.Release|Any CPU.ActiveCfg = Release|Any CPU
		{6FBAEA79-4519-4854-A02A-FAC09C8FC476}.Release|Any CPU.Build.0 = Release|Any CPU
		{6FBAEA79-4519-4854-A02A-FAC09C8FC476}.Release|Mixed Platforms.ActiveCfg = Release|Any CPU
		{6FBAEA79-4519-4854-A02A-FAC09C8FC476}.Release|Mixed Platforms.Build.0 = Release|Any CPU
		{6FBAEA79-4519-4854-A02A-FAC09C8FC476}.Release|x86.ActiveCfg = Release|Any CPU
	EndGlobalSection
	GlobalSection(SolutionProperties) = preSolution
		HideSolutionNode = FALSE
	EndGlobalSection
EndGlobal
